// !$*UTF8*$!
{
	archiveVersion = 1;
	classes = {
	};
	objectVersion = 46;
	objects = {

/* Begin PBXBuildFile section */
		8418916A15FA013000FBCE77 /* Foundation.framework in Frameworks */ = {isa = PBXBuildFile; fileRef = 842725AA15EFB77400AEFEA8 /* Foundation.framework */; };
		8418916F15FA013000FBCE77 /* KickOff.h in CopyFiles */ = {isa = PBXBuildFile; fileRef = 8418916E15FA013000FBCE77 /* KickOff.h */; };
		8418917615FA016D00FBCE77 /* UIButton+KAddition.m in Sources */ = {isa = PBXBuildFile; fileRef = 842725CC15EFB9C700AEFEA8 /* UIButton+KAddition.m */; };
		8418917715FA016D00FBCE77 /* KUIButton.m in Sources */ = {isa = PBXBuildFile; fileRef = 8451623215F242390098A99C /* KUIButton.m */; };
		8418917815FA016D00FBCE77 /* UIAlertView+KAddition.m in Sources */ = {isa = PBXBuildFile; fileRef = 8451623515F247C60098A99C /* UIAlertView+KAddition.m */; };
		8418917915FA016D00FBCE77 /* KUIAlertView.m in Sources */ = {isa = PBXBuildFile; fileRef = 8451623815F24A090098A99C /* KUIAlertView.m */; };
		8418917A15FA016D00FBCE77 /* UIView+KAddition.m in Sources */ = {isa = PBXBuildFile; fileRef = 8451623E15F2549F0098A99C /* UIView+KAddition.m */; };
		8418917B15FA016D00FBCE77 /* UIActionSheet+KAddition.m in Sources */ = {isa = PBXBuildFile; fileRef = 8451624115F259AC0098A99C /* UIActionSheet+KAddition.m */; };
		8418917C15FA016D00FBCE77 /* UIActionSheetItem.m in Sources */ = {isa = PBXBuildFile; fileRef = 8451624415F25A670098A99C /* UIActionSheetItem.m */; };
		8418917D15FA016D00FBCE77 /* KUIActionSheet.m in Sources */ = {isa = PBXBuildFile; fileRef = 8451625815F2FFA30098A99C /* KUIActionSheet.m */; };
		8418917E15FA016D00FBCE77 /* UILabel+KAddition.m in Sources */ = {isa = PBXBuildFile; fileRef = 8478B91115F37EFE00E42CFD /* UILabel+KAddition.m */; };
		8418917F15FA019600FBCE77 /* UIAddition.h in CopyFiles */ = {isa = PBXBuildFile; fileRef = 8451623A15F2504A0098A99C /* UIAddition.h */; };
		8418918015FA019600FBCE77 /* UIButton+KAddition.h in CopyFiles */ = {isa = PBXBuildFile; fileRef = 842725CB15EFB9C700AEFEA8 /* UIButton+KAddition.h */; };
		8418918115FA019600FBCE77 /* KUIButton.h in CopyFiles */ = {isa = PBXBuildFile; fileRef = 8451623115F242390098A99C /* KUIButton.h */; };
		8418918215FA019600FBCE77 /* UIAlertView+KAddition.h in CopyFiles */ = {isa = PBXBuildFile; fileRef = 8451623415F247C60098A99C /* UIAlertView+KAddition.h */; };
		8418918315FA019600FBCE77 /* KUIAlertView.h in CopyFiles */ = {isa = PBXBuildFile; fileRef = 8451623715F24A090098A99C /* KUIAlertView.h */; };
		8418918415FA019600FBCE77 /* UIView+KAddition.h in CopyFiles */ = {isa = PBXBuildFile; fileRef = 8451623D15F2549E0098A99C /* UIView+KAddition.h */; };
		8418918515FA019600FBCE77 /* UIActionSheet+KAddition.h in CopyFiles */ = {isa = PBXBuildFile; fileRef = 8451624015F259AC0098A99C /* UIActionSheet+KAddition.h */; };
		8418918615FA019600FBCE77 /* UIActionSheetItem.h in CopyFiles */ = {isa = PBXBuildFile; fileRef = 8451624315F25A670098A99C /* UIActionSheetItem.h */; };
		8418918715FA019600FBCE77 /* KUIActionSheet.h in CopyFiles */ = {isa = PBXBuildFile; fileRef = 8451625715F2FFA20098A99C /* KUIActionSheet.h */; };
		8418918815FA019600FBCE77 /* UILabel+KAddition.h in CopyFiles */ = {isa = PBXBuildFile; fileRef = 8478B91015F37EFE00E42CFD /* UILabel+KAddition.h */; };
/* End PBXBuildFile section */

/* Begin PBXCopyFilesBuildPhase section */
		8418916715FA013000FBCE77 /* CopyFiles */ = {
			isa = PBXCopyFilesBuildPhase;
			buildActionMask = 2147483647;
			dstPath = "include/${PRODUCT_NAME}";
			dstSubfolderSpec = 16;
			files = (
				8418917F15FA019600FBCE77 /* UIAddition.h in CopyFiles */,
				8418918015FA019600FBCE77 /* UIButton+KAddition.h in CopyFiles */,
				8418918115FA019600FBCE77 /* KUIButton.h in CopyFiles */,
				8418918215FA019600FBCE77 /* UIAlertView+KAddition.h in CopyFiles */,
				8418918315FA019600FBCE77 /* KUIAlertView.h in CopyFiles */,
				8418918415FA019600FBCE77 /* UIView+KAddition.h in CopyFiles */,
				8418918515FA019600FBCE77 /* UIActionSheet+KAddition.h in CopyFiles */,
				8418918615FA019600FBCE77 /* UIActionSheetItem.h in CopyFiles */,
				8418918715FA019600FBCE77 /* KUIActionSheet.h in CopyFiles */,
				8418918815FA019600FBCE77 /* UILabel+KAddition.h in CopyFiles */,
				8418916F15FA013000FBCE77 /* KickOff.h in CopyFiles */,
			);
			runOnlyForDeploymentPostprocessing = 0;
		};
/* End PBXCopyFilesBuildPhase section */

/* Begin PBXFileReference section */
		8418916915FA013000FBCE77 /* libKickOff.a */ = {isa = PBXFileReference; explicitFileType = archive.ar; includeInIndex = 0; path = libKickOff.a; sourceTree = BUILT_PRODUCTS_DIR; };
		8418916E15FA013000FBCE77 /* KickOff.h */ = {isa = PBXFileReference; lastKnownFileType = sourcecode.c.h; path = KickOff.h; sourceTree = "<group>"; };
		8418919015FA04E400FBCE77 /* KickOff-Prefix.pch */ = {isa = PBXFileReference; fileEncoding = 4; lastKnownFileType = sourcecode.c.h; path = "KickOff-Prefix.pch"; sourceTree = "<group>"; };
		842725A815EFB77400AEFEA8 /* UIKit.framework */ = {isa = PBXFileReference; lastKnownFileType = wrapper.framework; name = UIKit.framework; path = System/Library/Frameworks/UIKit.framework; sourceTree = SDKROOT; };
		842725AA15EFB77400AEFEA8 /* Foundation.framework */ = {isa = PBXFileReference; lastKnownFileType = wrapper.framework; name = Foundation.framework; path = System/Library/Frameworks/Foundation.framework; sourceTree = SDKROOT; };
		842725AC15EFB77400AEFEA8 /* CoreGraphics.framework */ = {isa = PBXFileReference; lastKnownFileType = wrapper.framework; name = CoreGraphics.framework; path = System/Library/Frameworks/CoreGraphics.framework; sourceTree = SDKROOT; };
		842725C115EFB82200AEFEA8 /* README.txt */ = {isa = PBXFileReference; fileEncoding = 4; lastKnownFileType = text; path = README.txt; sourceTree = "<group>"; };
		842725C215EFB82200AEFEA8 /* KGlobal.h */ = {isa = PBXFileReference; fileEncoding = 4; lastKnownFileType = sourcecode.c.h; path = KGlobal.h; sourceTree = "<group>"; };
		842725C315EFB82200AEFEA8 /* KMacros.h */ = {isa = PBXFileReference; fileEncoding = 4; lastKnownFileType = sourcecode.c.h; path = KMacros.h; sourceTree = "<group>"; };
		842725CB15EFB9C700AEFEA8 /* UIButton+KAddition.h */ = {isa = PBXFileReference; fileEncoding = 4; lastKnownFileType = sourcecode.c.h; path = "UIButton+KAddition.h"; sourceTree = "<group>"; };
		842725CC15EFB9C700AEFEA8 /* UIButton+KAddition.m */ = {isa = PBXFileReference; fileEncoding = 4; lastKnownFileType = sourcecode.c.objc; path = "UIButton+KAddition.m"; sourceTree = "<group>"; };
		8451623115F242390098A99C /* KUIButton.h */ = {isa = PBXFileReference; fileEncoding = 4; lastKnownFileType = sourcecode.c.h; path = KUIButton.h; sourceTree = "<group>"; };
		8451623215F242390098A99C /* KUIButton.m */ = {isa = PBXFileReference; fileEncoding = 4; lastKnownFileType = sourcecode.c.objc; path = KUIButton.m; sourceTree = "<group>"; };
		8451623415F247C60098A99C /* UIAlertView+KAddition.h */ = {isa = PBXFileReference; fileEncoding = 4; lastKnownFileType = sourcecode.c.h; path = "UIAlertView+KAddition.h"; sourceTree = "<group>"; };
		8451623515F247C60098A99C /* UIAlertView+KAddition.m */ = {isa = PBXFileReference; fileEncoding = 4; lastKnownFileType = sourcecode.c.objc; path = "UIAlertView+KAddition.m"; sourceTree = "<group>"; };
		8451623715F24A090098A99C /* KUIAlertView.h */ = {isa = PBXFileReference; fileEncoding = 4; lastKnownFileType = sourcecode.c.h; path = KUIAlertView.h; sourceTree = "<group>"; };
		8451623815F24A090098A99C /* KUIAlertView.m */ = {isa = PBXFileReference; fileEncoding = 4; lastKnownFileType = sourcecode.c.objc; path = KUIAlertView.m; sourceTree = "<group>"; };
		8451623A15F2504A0098A99C /* UIAddition.h */ = {isa = PBXFileReference; fileEncoding = 4; lastKnownFileType = sourcecode.c.h; path = UIAddition.h; sourceTree = "<group>"; };
		8451623D15F2549E0098A99C /* UIView+KAddition.h */ = {isa = PBXFileReference; fileEncoding = 4; lastKnownFileType = sourcecode.c.h; path = "UIView+KAddition.h"; sourceTree = "<group>"; };
		8451623E15F2549F0098A99C /* UIView+KAddition.m */ = {isa = PBXFileReference; fileEncoding = 4; lastKnownFileType = sourcecode.c.objc; path = "UIView+KAddition.m"; sourceTree = "<group>"; };
		8451624015F259AC0098A99C /* UIActionSheet+KAddition.h */ = {isa = PBXFileReference; fileEncoding = 4; lastKnownFileType = sourcecode.c.h; path = "UIActionSheet+KAddition.h"; sourceTree = "<group>"; };
		8451624115F259AC0098A99C /* UIActionSheet+KAddition.m */ = {isa = PBXFileReference; fileEncoding = 4; lastKnownFileType = sourcecode.c.objc; path = "UIActionSheet+KAddition.m"; sourceTree = "<group>"; };
		8451624315F25A670098A99C /* UIActionSheetItem.h */ = {isa = PBXFileReference; fileEncoding = 4; lastKnownFileType = sourcecode.c.h; path = UIActionSheetItem.h; sourceTree = "<group>"; };
		8451624415F25A670098A99C /* UIActionSheetItem.m */ = {isa = PBXFileReference; fileEncoding = 4; lastKnownFileType = sourcecode.c.objc; path = UIActionSheetItem.m; sourceTree = "<group>"; };
		8451625715F2FFA20098A99C /* KUIActionSheet.h */ = {isa = PBXFileReference; fileEncoding = 4; lastKnownFileType = sourcecode.c.h; path = KUIActionSheet.h; sourceTree = "<group>"; };
		8451625815F2FFA30098A99C /* KUIActionSheet.m */ = {isa = PBXFileReference; fileEncoding = 4; lastKnownFileType = sourcecode.c.objc; path = KUIActionSheet.m; sourceTree = "<group>"; };
		8478B91015F37EFE00E42CFD /* UILabel+KAddition.h */ = {isa = PBXFileReference; fileEncoding = 4; lastKnownFileType = sourcecode.c.h; path = "UILabel+KAddition.h"; sourceTree = "<group>"; };
		8478B91115F37EFE00E42CFD /* UILabel+KAddition.m */ = {isa = PBXFileReference; fileEncoding = 4; lastKnownFileType = sourcecode.c.objc; path = "UILabel+KAddition.m"; sourceTree = "<group>"; };
/* End PBXFileReference section */

/* Begin PBXFrameworksBuildPhase section */
		8418916615FA013000FBCE77 /* Frameworks */ = {
			isa = PBXFrameworksBuildPhase;
			buildActionMask = 2147483647;
			files = (
				8418916A15FA013000FBCE77 /* Foundation.framework in Frameworks */,
			);
			runOnlyForDeploymentPostprocessing = 0;
		};
/* End PBXFrameworksBuildPhase section */

/* Begin PBXGroup section */
		8418916B15FA013000FBCE77 /* KickOff */ = {
			isa = PBXGroup;
			children = (
				842725BF15EFB82200AEFEA8 /* include */,
				8418919015FA04E400FBCE77 /* KickOff-Prefix.pch */,
				8418916E15FA013000FBCE77 /* KickOff.h */,
			);
			path = KickOff;
			sourceTree = "<group>";
		};
		8427259915EFB77300AEFEA8 = {
			isa = PBXGroup;
			children = (
				8418916B15FA013000FBCE77 /* KickOff */,
				842725A715EFB77400AEFEA8 /* Frameworks */,
				842725A515EFB77400AEFEA8 /* Products */,
			);
			sourceTree = "<group>";
		};
		842725A515EFB77400AEFEA8 /* Products */ = {
			isa = PBXGroup;
			children = (
				8418916915FA013000FBCE77 /* libKickOff.a */,
			);
			name = Products;
			sourceTree = "<group>";
		};
		842725A715EFB77400AEFEA8 /* Frameworks */ = {
			isa = PBXGroup;
			children = (
				842725A815EFB77400AEFEA8 /* UIKit.framework */,
				842725AA15EFB77400AEFEA8 /* Foundation.framework */,
				842725AC15EFB77400AEFEA8 /* CoreGraphics.framework */,
			);
			name = Frameworks;
			sourceTree = "<group>";
		};
		842725BF15EFB82200AEFEA8 /* include */ = {
			isa = PBXGroup;
			children = (
				842725C015EFB82200AEFEA8 /* CoreAddition */,
				842725C215EFB82200AEFEA8 /* KGlobal.h */,
				842725C315EFB82200AEFEA8 /* KMacros.h */,
				842725C415EFB82200AEFEA8 /* StyleSystem */,
				842725C615EFB82200AEFEA8 /* UIAddition */,
			);
			name = include;
			path = ../include;
			sourceTree = "<group>";
		};
		842725C015EFB82200AEFEA8 /* CoreAddition */ = {
			isa = PBXGroup;
			children = (
				842725C115EFB82200AEFEA8 /* README.txt */,
			);
			path = CoreAddition;
			sourceTree = "<group>";
		};
		842725C415EFB82200AEFEA8 /* StyleSystem */ = {
			isa = PBXGroup;
			children = (
			);
			path = StyleSystem;
			sourceTree = "<group>";
		};
		842725C615EFB82200AEFEA8 /* UIAddition */ = {
			isa = PBXGroup;
			children = (
				8451623A15F2504A0098A99C /* UIAddition.h */,
				842725CB15EFB9C700AEFEA8 /* UIButton+KAddition.h */,
				842725CC15EFB9C700AEFEA8 /* UIButton+KAddition.m */,
				8451623115F242390098A99C /* KUIButton.h */,
				8451623215F242390098A99C /* KUIButton.m */,
				8451623415F247C60098A99C /* UIAlertView+KAddition.h */,
				8451623515F247C60098A99C /* UIAlertView+KAddition.m */,
				8451623715F24A090098A99C /* KUIAlertView.h */,
				8451623815F24A090098A99C /* KUIAlertView.m */,
				8451623D15F2549E0098A99C /* UIView+KAddition.h */,
				8451623E15F2549F0098A99C /* UIView+KAddition.m */,
				8451624015F259AC0098A99C /* UIActionSheet+KAddition.h */,
				8451624115F259AC0098A99C /* UIActionSheet+KAddition.m */,
				8451624315F25A670098A99C /* UIActionSheetItem.h */,
				8451624415F25A670098A99C /* UIActionSheetItem.m */,
				8451625715F2FFA20098A99C /* KUIActionSheet.h */,
				8451625815F2FFA30098A99C /* KUIActionSheet.m */,
				8478B91015F37EFE00E42CFD /* UILabel+KAddition.h */,
				8478B91115F37EFE00E42CFD /* UILabel+KAddition.m */,
			);
			path = UIAddition;
			sourceTree = "<group>";
		};
/* End PBXGroup section */

/* Begin PBXNativeTarget section */
		8418916815FA013000FBCE77 /* KickOff */ = {
			isa = PBXNativeTarget;
			buildConfigurationList = 8418917415FA013000FBCE77 /* Build configuration list for PBXNativeTarget "KickOff" */;
			buildPhases = (
				8418916515FA013000FBCE77 /* Sources */,
				8418916615FA013000FBCE77 /* Frameworks */,
				8418916715FA013000FBCE77 /* CopyFiles */,
			);
			buildRules = (
			);
			dependencies = (
			);
			name = KickOff;
			productName = KickOff;
			productReference = 8418916915FA013000FBCE77 /* libKickOff.a */;
			productType = "com.apple.product-type.library.static";
		};
/* End PBXNativeTarget section */

/* Begin PBXProject section */
		8427259B15EFB77300AEFEA8 /* Project object */ = {
			isa = PBXProject;
			attributes = {
				LastUpgradeCheck = 0430;
				ORGANIZATIONNAME = Baidu;
			};
			buildConfigurationList = 8427259E15EFB77300AEFEA8 /* Build configuration list for PBXProject "KickOffIOS" */;
			compatibilityVersion = "Xcode 3.2";
			developmentRegion = English;
			hasScannedForEncodings = 0;
			knownRegions = (
				en,
			);
			mainGroup = 8427259915EFB77300AEFEA8;
			productRefGroup = 842725A515EFB77400AEFEA8 /* Products */;
			projectDirPath = "";
			projectRoot = "";
			targets = (
				8418916815FA013000FBCE77 /* KickOff */,
			);
		};
/* End PBXProject section */

/* Begin PBXSourcesBuildPhase section */
		8418916515FA013000FBCE77 /* Sources */ = {
			isa = PBXSourcesBuildPhase;
			buildActionMask = 2147483647;
			files = (
				8418917615FA016D00FBCE77 /* UIButton+KAddition.m in Sources */,
				8418917715FA016D00FBCE77 /* KUIButton.m in Sources */,
				8418917815FA016D00FBCE77 /* UIAlertView+KAddition.m in Sources */,
				8418917915FA016D00FBCE77 /* KUIAlertView.m in Sources */,
				8418917A15FA016D00FBCE77 /* UIView+KAddition.m in Sources */,
				8418917B15FA016D00FBCE77 /* UIActionSheet+KAddition.m in Sources */,
				8418917C15FA016D00FBCE77 /* UIActionSheetItem.m in Sources */,
				8418917D15FA016D00FBCE77 /* KUIActionSheet.m in Sources */,
				8418917E15FA016D00FBCE77 /* UILabel+KAddition.m in Sources */,
			);
			runOnlyForDeploymentPostprocessing = 0;
		};
/* End PBXSourcesBuildPhase section */

/* Begin XCBuildConfiguration section */
		8418917215FA013000FBCE77 /* Debug */ = {
			isa = XCBuildConfiguration;
			buildSettings = {
				CLANG_CXX_LANGUAGE_STANDARD = "gnu++0x";
				CLANG_ENABLE_OBJC_ARC = YES;
				CLANG_WARN__DUPLICATE_METHOD_MATCH = YES;
				DSTROOT = /tmp/KickOff.dst;
				GCC_PRECOMPILE_PREFIX_HEADER = YES;
				GCC_PREFIX_HEADER = "KickOff/KickOff-Prefix.pch";
				IPHONEOS_DEPLOYMENT_TARGET = 6.0;
				OTHER_LDFLAGS = "-ObjC";
				PRODUCT_NAME = "$(TARGET_NAME)";
				SKIP_INSTALL = YES;
			};
			name = Debug;
		};
		8418917315FA013000FBCE77 /* Release */ = {
			isa = XCBuildConfiguration;
			buildSettings = {
				CLANG_CXX_LANGUAGE_STANDARD = "gnu++0x";
				CLANG_ENABLE_OBJC_ARC = YES;
				CLANG_WARN__DUPLICATE_METHOD_MATCH = YES;
				DSTROOT = /tmp/KickOff.dst;
				GCC_PRECOMPILE_PREFIX_HEADER = YES;
				GCC_PREFIX_HEADER = "KickOff/KickOff-Prefix.pch";
				IPHONEOS_DEPLOYMENT_TARGET = 6.0;
				OTHER_LDFLAGS = "-ObjC";
				PRODUCT_NAME = "$(TARGET_NAME)";
				SKIP_INSTALL = YES;
			};
			name = Release;
		};
		842725BA15EFB77400AEFEA8 /* Debug */ = {
			isa = XCBuildConfiguration;
			buildSettings = {
				ALWAYS_SEARCH_USER_PATHS = NO;
				ARCHS = "$(ARCHS_STANDARD_32_BIT)";
				"CODE_SIGN_IDENTITY[sdk=iphoneos*]" = "iPhone Developer";
				COPY_PHASE_STRIP = NO;
				GCC_C_LANGUAGE_STANDARD = gnu99;
				GCC_DYNAMIC_NO_PIC = NO;
				GCC_OPTIMIZATION_LEVEL = 0;
				GCC_PREPROCESSOR_DEFINITIONS = (
					"DEBUG=1",
					"$(inherited)",
				);
				GCC_SYMBOLS_PRIVATE_EXTERN = NO;
				GCC_VERSION = com.apple.compilers.llvm.clang.1_0;
				GCC_WARN_ABOUT_RETURN_TYPE = YES;
				GCC_WARN_UNINITIALIZED_AUTOS = YES;
				GCC_WARN_UNUSED_VARIABLE = YES;
				IPHONEOS_DEPLOYMENT_TARGET = 5.1;
				SDKROOT = iphoneos;
				TARGETED_DEVICE_FAMILY = "1,2";
			};
			name = Debug;
		};
		842725BB15EFB77400AEFEA8 /* Release */ = {
			isa = XCBuildConfiguration;
			buildSettings = {
				ALWAYS_SEARCH_USER_PATHS = NO;
				ARCHS = "$(ARCHS_STANDARD_32_BIT)";
				"CODE_SIGN_IDENTITY[sdk=iphoneos*]" = "iPhone Developer";
				COPY_PHASE_STRIP = YES;
				GCC_C_LANGUAGE_STANDARD = gnu99;
				GCC_VERSION = com.apple.compilers.llvm.clang.1_0;
				GCC_WARN_ABOUT_RETURN_TYPE = YES;
				GCC_WARN_UNINITIALIZED_AUTOS = YES;
				GCC_WARN_UNUSED_VARIABLE = YES;
				IPHONEOS_DEPLOYMENT_TARGET = 5.1;
				OTHER_CFLAGS = "-DNS_BLOCK_ASSERTIONS=1";
				SDKROOT = iphoneos;
				TARGETED_DEVICE_FAMILY = "1,2";
				VALIDATE_PRODUCT = YES;
			};
			name = Release;
		};
/* End XCBuildConfiguration section */

/* Begin XCConfigurationList section */
		8418917415FA013000FBCE77 /* Build configuration list for PBXNativeTarget "KickOff" */ = {
			isa = XCConfigurationList;
			buildConfigurations = (
				8418917215FA013000FBCE77 /* Debug */,
				8418917315FA013000FBCE77 /* Release */,
			);
			defaultConfigurationIsVisible = 0;
		};
		8427259E15EFB77300AEFEA8 /* Build configuration list for PBXProject "KickOffIOS" */ = {
			isa = XCConfigurationList;
			buildConfigurations = (
				842725BA15EFB77400AEFEA8 /* Debug */,
				842725BB15EFB77400AEFEA8 /* Release */,
			);
			defaultConfigurationIsVisible = 0;
			defaultConfigurationName = Release;
		};
/* End XCConfigurationList section */
	};
	rootObject = 8427259B15EFB77300AEFEA8 /* Project object */;
}
